// !$*UTF8*$!
{
	archiveVersion = 1;
	classes = {
	};
	objectVersion = 46;
	objects = {

/* Begin PBXBuildFile section */
		0239B55C168BB0F4008B8AD6 /* RFQuiltLayout.m in Sources */ = {isa = PBXBuildFile; fileRef = 0239B55B168BB0F4008B8AD6 /* RFQuiltLayout.m */; };
		026492D616D3628600992E42 /* CoreGraphics.framework in Frameworks */ = {isa = PBXBuildFile; fileRef = 026492D516D3628600992E42 /* CoreGraphics.framework */; };
		02E25B07168B74B0009CA089 /* UIKit.framework in Frameworks */ = {isa = PBXBuildFile; fileRef = 02E25B06168B74B0009CA089 /* UIKit.framework */; };
		02E25B09168B74B0009CA089 /* Foundation.framework in Frameworks */ = {isa = PBXBuildFile; fileRef = 02E25B08168B74B0009CA089 /* Foundation.framework */; };
		02E25B11168B74B0009CA089 /* InfoPlist.strings in Resources */ = {isa = PBXBuildFile; fileRef = 02E25B0F168B74B0009CA089 /* InfoPlist.strings */; };
		02E25B13168B74B0009CA089 /* main.m in Sources */ = {isa = PBXBuildFile; fileRef = 02E25B12168B74B0009CA089 /* main.m */; };
		02E25B17168B74B0009CA089 /* RFAppDelegate.m in Sources */ = {isa = PBXBuildFile; fileRef = 02E25B16168B74B0009CA089 /* RFAppDelegate.m */; };
		02E25B19168B74B0009CA089 /* Default.png in Resources */ = {isa = PBXBuildFile; fileRef = 02E25B18168B74B0009CA089 /* Default.png */; };
		02E25B1B168B74B0009CA089 /* Default@2x.png in Resources */ = {isa = PBXBuildFile; fileRef = 02E25B1A168B74B0009CA089 /* Default@2x.png */; };
		02E25B1D168B74B0009CA089 /* Default-568h@2x.png in Resources */ = {isa = PBXBuildFile; fileRef = 02E25B1C168B74B0009CA089 /* Default-568h@2x.png */; };
		02E25B20168B74B0009CA089 /* RFViewController.m in Sources */ = {isa = PBXBuildFile; fileRef = 02E25B1F168B74B0009CA089 /* RFViewController.m */; };
		02E25B23168B74B0009CA089 /* RFViewController.xib in Resources */ = {isa = PBXBuildFile; fileRef = 02E25B21168B74B0009CA089 /* RFViewController.xib */; };
		87E394BC1BD928F300D41FD4 /* RFQuiltLayout.h in Headers */ = {isa = PBXBuildFile; fileRef = 87E394BB1BD928F300D41FD4 /* RFQuiltLayout.h */; settings = {ATTRIBUTES = (Public, ); }; };
		87E394C31BD928F300D41FD4 /* RFQuiltLayout.framework in Frameworks */ = {isa = PBXBuildFile; fileRef = 87E394B91BD928F300D41FD4 /* RFQuiltLayout.framework */; settings = {ASSET_TAGS = (); }; };
		87E394CA1BD928F300D41FD4 /* RFQuiltLayoutTests.m in Sources */ = {isa = PBXBuildFile; fileRef = 87E394C91BD928F300D41FD4 /* RFQuiltLayoutTests.m */; };
		87E394CE1BD928F300D41FD4 /* RFQuiltLayout.framework in Frameworks */ = {isa = PBXBuildFile; fileRef = 87E394B91BD928F300D41FD4 /* RFQuiltLayout.framework */; };
		87E394CF1BD928F300D41FD4 /* RFQuiltLayout.framework in Embed Frameworks */ = {isa = PBXBuildFile; fileRef = 87E394B91BD928F300D41FD4 /* RFQuiltLayout.framework */; settings = {ATTRIBUTES = (CodeSignOnCopy, RemoveHeadersOnCopy, ); }; };
		87E394D71BD9291800D41FD4 /* RFQuiltLayout.m in Sources */ = {isa = PBXBuildFile; fileRef = 0239B55B168BB0F4008B8AD6 /* RFQuiltLayout.m */; };
/* End PBXBuildFile section */

/* Begin PBXContainerItemProxy section */
		87E394C41BD928F300D41FD4 /* PBXContainerItemProxy */ = {
			isa = PBXContainerItemProxy;
			containerPortal = 02E25AF9168B74B0009CA089 /* Project object */;
			proxyType = 1;
			remoteGlobalIDString = 87E394B81BD928F300D41FD4;
			remoteInfo = RFQuiltLayout;
		};
		87E394C61BD928F300D41FD4 /* PBXContainerItemProxy */ = {
			isa = PBXContainerItemProxy;
			containerPortal = 02E25AF9168B74B0009CA089 /* Project object */;
			proxyType = 1;
			remoteGlobalIDString = 02E25B01168B74B0009CA089;
			remoteInfo = QuiltDemo;
		};
		87E394CC1BD928F300D41FD4 /* PBXContainerItemProxy */ = {
			isa = PBXContainerItemProxy;
			containerPortal = 02E25AF9168B74B0009CA089 /* Project object */;
			proxyType = 1;
			remoteGlobalIDString = 87E394B81BD928F300D41FD4;
			remoteInfo = RFQuiltLayout;
		};
/* End PBXContainerItemProxy section */

/* Begin PBXCopyFilesBuildPhase section */
		87E394D51BD928F300D41FD4 /* Embed Frameworks */ = {
			isa = PBXCopyFilesBuildPhase;
			buildActionMask = 2147483647;
			dstPath = "";
			dstSubfolderSpec = 10;
			files = (
				87E394CF1BD928F300D41FD4 /* RFQuiltLayout.framework in Embed Frameworks */,
			);
			name = "Embed Frameworks";
			runOnlyForDeploymentPostprocessing = 0;
		};
/* End PBXCopyFilesBuildPhase section */

/* Begin PBXFileReference section */
		0239B55A168BB0F4008B8AD6 /* RFQuiltLayout.h */ = {isa = PBXFileReference; fileEncoding = 4; lastKnownFileType = sourcecode.c.h; name = RFQuiltLayout.h; path = RFQuiltLayout/RFQuiltLayout.h; sourceTree = SOURCE_ROOT; };
		0239B55B168BB0F4008B8AD6 /* RFQuiltLayout.m */ = {isa = PBXFileReference; fileEncoding = 4; lastKnownFileType = sourcecode.c.objc; name = RFQuiltLayout.m; path = RFQuiltLayout/RFQuiltLayout.m; sourceTree = SOURCE_ROOT; };
		026492D516D3628600992E42 /* CoreGraphics.framework */ = {isa = PBXFileReference; lastKnownFileType = wrapper.framework; name = CoreGraphics.framework; path = System/Library/Frameworks/CoreGraphics.framework; sourceTree = SDKROOT; };
		02E25B02168B74B0009CA089 /* QuiltDemo.app */ = {isa = PBXFileReference; explicitFileType = wrapper.application; includeInIndex = 0; path = QuiltDemo.app; sourceTree = BUILT_PRODUCTS_DIR; };
		02E25B06168B74B0009CA089 /* UIKit.framework */ = {isa = PBXFileReference; lastKnownFileType = wrapper.framework; name = UIKit.framework; path = System/Library/Frameworks/UIKit.framework; sourceTree = SDKROOT; };
		02E25B08168B74B0009CA089 /* Foundation.framework */ = {isa = PBXFileReference; lastKnownFileType = wrapper.framework; name = Foundation.framework; path = System/Library/Frameworks/Foundation.framework; sourceTree = SDKROOT; };
		02E25B0E168B74B0009CA089 /* QuiltDemo-Info.plist */ = {isa = PBXFileReference; lastKnownFileType = text.plist.xml; path = "QuiltDemo-Info.plist"; sourceTree = "<group>"; };
		02E25B10168B74B0009CA089 /* en */ = {isa = PBXFileReference; lastKnownFileType = text.plist.strings; name = en; path = en.lproj/InfoPlist.strings; sourceTree = "<group>"; };
		02E25B12168B74B0009CA089 /* main.m */ = {isa = PBXFileReference; lastKnownFileType = sourcecode.c.objc; path = main.m; sourceTree = "<group>"; };
		02E25B14168B74B0009CA089 /* QuiltDemo-Prefix.pch */ = {isa = PBXFileReference; lastKnownFileType = sourcecode.c.h; path = "QuiltDemo-Prefix.pch"; sourceTree = "<group>"; };
		02E25B15168B74B0009CA089 /* RFAppDelegate.h */ = {isa = PBXFileReference; lastKnownFileType = sourcecode.c.h; path = RFAppDelegate.h; sourceTree = "<group>"; };
		02E25B16168B74B0009CA089 /* RFAppDelegate.m */ = {isa = PBXFileReference; lastKnownFileType = sourcecode.c.objc; path = RFAppDelegate.m; sourceTree = "<group>"; };
		02E25B18168B74B0009CA089 /* Default.png */ = {isa = PBXFileReference; lastKnownFileType = image.png; path = Default.png; sourceTree = "<group>"; };
		02E25B1A168B74B0009CA089 /* Default@2x.png */ = {isa = PBXFileReference; lastKnownFileType = image.png; path = "Default@2x.png"; sourceTree = "<group>"; };
		02E25B1C168B74B0009CA089 /* Default-568h@2x.png */ = {isa = PBXFileReference; lastKnownFileType = image.png; path = "Default-568h@2x.png"; sourceTree = "<group>"; };
		02E25B1E168B74B0009CA089 /* RFViewController.h */ = {isa = PBXFileReference; lastKnownFileType = sourcecode.c.h; path = RFViewController.h; sourceTree = "<group>"; };
		02E25B1F168B74B0009CA089 /* RFViewController.m */ = {isa = PBXFileReference; lastKnownFileType = sourcecode.c.objc; path = RFViewController.m; sourceTree = "<group>"; };
		02E25B22168B74B0009CA089 /* en */ = {isa = PBXFileReference; lastKnownFileType = file.xib; name = en; path = en.lproj/RFViewController.xib; sourceTree = "<group>"; };
		87E394B91BD928F300D41FD4 /* RFQuiltLayout.framework */ = {isa = PBXFileReference; explicitFileType = wrapper.framework; includeInIndex = 0; path = RFQuiltLayout.framework; sourceTree = BUILT_PRODUCTS_DIR; };
		87E394BB1BD928F300D41FD4 /* RFQuiltLayout.h */ = {isa = PBXFileReference; lastKnownFileType = sourcecode.c.h; path = RFQuiltLayout.h; sourceTree = "<group>"; };
		87E394BD1BD928F300D41FD4 /* Info.plist */ = {isa = PBXFileReference; lastKnownFileType = text.plist.xml; path = Info.plist; sourceTree = "<group>"; };
		87E394C21BD928F300D41FD4 /* RFQuiltLayoutTests.xctest */ = {isa = PBXFileReference; explicitFileType = wrapper.cfbundle; includeInIndex = 0; path = RFQuiltLayoutTests.xctest; sourceTree = BUILT_PRODUCTS_DIR; };
		87E394C91BD928F300D41FD4 /* RFQuiltLayoutTests.m */ = {isa = PBXFileReference; lastKnownFileType = sourcecode.c.objc; path = RFQuiltLayoutTests.m; sourceTree = "<group>"; };
		87E394CB1BD928F300D41FD4 /* Info.plist */ = {isa = PBXFileReference; lastKnownFileType = text.plist.xml; path = Info.plist; sourceTree = "<group>"; };
/* End PBXFileReference section */

/* Begin PBXFrameworksBuildPhase section */
		02E25AFF168B74B0009CA089 /* Frameworks */ = {
			isa = PBXFrameworksBuildPhase;
			buildActionMask = 2147483647;
			files = (
				87E394CE1BD928F300D41FD4 /* RFQuiltLayout.framework in Frameworks */,
				026492D616D3628600992E42 /* CoreGraphics.framework in Frameworks */,
				02E25B07168B74B0009CA089 /* UIKit.framework in Frameworks */,
				02E25B09168B74B0009CA089 /* Foundation.framework in Frameworks */,
			);
			runOnlyForDeploymentPostprocessing = 0;
		};
		87E394B51BD928F300D41FD4 /* Frameworks */ = {
			isa = PBXFrameworksBuildPhase;
			buildActionMask = 2147483647;
			files = (
			);
			runOnlyForDeploymentPostprocessing = 0;
		};
		87E394BF1BD928F300D41FD4 /* Frameworks */ = {
			isa = PBXFrameworksBuildPhase;
			buildActionMask = 2147483647;
			files = (
				87E394C31BD928F300D41FD4 /* RFQuiltLayout.framework in Frameworks */,
			);
			runOnlyForDeploymentPostprocessing = 0;
		};
/* End PBXFrameworksBuildPhase section */

/* Begin PBXGroup section */
		02E25AF7168B74B0009CA089 = {
			isa = PBXGroup;
			children = (
				02E25B0C168B74B0009CA089 /* QuiltDemo */,
				87E394BA1BD928F300D41FD4 /* RFQuiltLayout */,
				87E394C81BD928F300D41FD4 /* RFQuiltLayoutTests */,
				02E25B05168B74B0009CA089 /* Frameworks */,
				02E25B03168B74B0009CA089 /* Products */,
			);
			sourceTree = "<group>";
		};
		02E25B03168B74B0009CA089 /* Products */ = {
			isa = PBXGroup;
			children = (
				02E25B02168B74B0009CA089 /* QuiltDemo.app */,
				87E394B91BD928F300D41FD4 /* RFQuiltLayout.framework */,
				87E394C21BD928F300D41FD4 /* RFQuiltLayoutTests.xctest */,
			);
			name = Products;
			sourceTree = "<group>";
		};
		02E25B05168B74B0009CA089 /* Frameworks */ = {
			isa = PBXGroup;
			children = (
				026492D516D3628600992E42 /* CoreGraphics.framework */,
				02E25B06168B74B0009CA089 /* UIKit.framework */,
				02E25B08168B74B0009CA089 /* Foundation.framework */,
			);
			name = Frameworks;
			sourceTree = "<group>";
		};
		02E25B0C168B74B0009CA089 /* QuiltDemo */ = {
			isa = PBXGroup;
			children = (
				02E25B15168B74B0009CA089 /* RFAppDelegate.h */,
				02E25B16168B74B0009CA089 /* RFAppDelegate.m */,
				02E25B1E168B74B0009CA089 /* RFViewController.h */,
				02E25B1F168B74B0009CA089 /* RFViewController.m */,
				02E25B21168B74B0009CA089 /* RFViewController.xib */,
				02E25B0D168B74B0009CA089 /* Supporting Files */,
			);
			path = QuiltDemo;
			sourceTree = "<group>";
		};
		02E25B0D168B74B0009CA089 /* Supporting Files */ = {
			isa = PBXGroup;
			children = (
				02E25B0E168B74B0009CA089 /* QuiltDemo-Info.plist */,
				02E25B0F168B74B0009CA089 /* InfoPlist.strings */,
				02E25B12168B74B0009CA089 /* main.m */,
				02E25B14168B74B0009CA089 /* QuiltDemo-Prefix.pch */,
				02E25B18168B74B0009CA089 /* Default.png */,
				02E25B1A168B74B0009CA089 /* Default@2x.png */,
				02E25B1C168B74B0009CA089 /* Default-568h@2x.png */,
			);
			name = "Supporting Files";
			sourceTree = "<group>";
		};
		87E394BA1BD928F300D41FD4 /* RFQuiltLayout */ = {
			isa = PBXGroup;
			children = (
				0239B55A168BB0F4008B8AD6 /* RFQuiltLayout.h */,
				0239B55B168BB0F4008B8AD6 /* RFQuiltLayout.m */,
				87E394BB1BD928F300D41FD4 /* RFQuiltLayout.h */,
				87E394BD1BD928F300D41FD4 /* Info.plist */,
			);
			path = RFQuiltLayout;
			sourceTree = "<group>";
		};
		87E394C81BD928F300D41FD4 /* RFQuiltLayoutTests */ = {
			isa = PBXGroup;
			children = (
				87E394C91BD928F300D41FD4 /* RFQuiltLayoutTests.m */,
				87E394CB1BD928F300D41FD4 /* Info.plist */,
			);
			path = RFQuiltLayoutTests;
			sourceTree = "<group>";
		};
/* End PBXGroup section */

/* Begin PBXHeadersBuildPhase section */
		87E394B61BD928F300D41FD4 /* Headers */ = {
			isa = PBXHeadersBuildPhase;
			buildActionMask = 2147483647;
			files = (
				87E394BC1BD928F300D41FD4 /* RFQuiltLayout.h in Headers */,
			);
			runOnlyForDeploymentPostprocessing = 0;
		};
/* End PBXHeadersBuildPhase section */

/* Begin PBXNativeTarget section */
		02E25B01168B74B0009CA089 /* QuiltDemo */ = {
			isa = PBXNativeTarget;
			buildConfigurationList = 02E25B26168B74B0009CA089 /* Build configuration list for PBXNativeTarget "QuiltDemo" */;
			buildPhases = (
				02E25AFE168B74B0009CA089 /* Sources */,
				02E25AFF168B74B0009CA089 /* Frameworks */,
				02E25B00168B74B0009CA089 /* Resources */,
				87E394D51BD928F300D41FD4 /* Embed Frameworks */,
			);
			buildRules = (
			);
			dependencies = (
				87E394CD1BD928F300D41FD4 /* PBXTargetDependency */,
			);
			name = QuiltDemo;
			productName = QuiltDemo;
			productReference = 02E25B02168B74B0009CA089 /* QuiltDemo.app */;
			productType = "com.apple.product-type.application";
		};
		87E394B81BD928F300D41FD4 /* RFQuiltLayout */ = {
			isa = PBXNativeTarget;
			buildConfigurationList = 87E394D41BD928F300D41FD4 /* Build configuration list for PBXNativeTarget "RFQuiltLayout" */;
			buildPhases = (
				87E394B41BD928F300D41FD4 /* Sources */,
				87E394B51BD928F300D41FD4 /* Frameworks */,
				87E394B61BD928F300D41FD4 /* Headers */,
				87E394B71BD928F300D41FD4 /* Resources */,
			);
			buildRules = (
			);
			dependencies = (
			);
			name = RFQuiltLayout;
			productName = RFQuiltLayout;
			productReference = 87E394B91BD928F300D41FD4 /* RFQuiltLayout.framework */;
			productType = "com.apple.product-type.framework";
		};
		87E394C11BD928F300D41FD4 /* RFQuiltLayoutTests */ = {
			isa = PBXNativeTarget;
			buildConfigurationList = 87E394D61BD928F300D41FD4 /* Build configuration list for PBXNativeTarget "RFQuiltLayoutTests" */;
			buildPhases = (
				87E394BE1BD928F300D41FD4 /* Sources */,
				87E394BF1BD928F300D41FD4 /* Frameworks */,
				87E394C01BD928F300D41FD4 /* Resources */,
			);
			buildRules = (
			);
			dependencies = (
				87E394C51BD928F300D41FD4 /* PBXTargetDependency */,
				87E394C71BD928F300D41FD4 /* PBXTargetDependency */,
			);
			name = RFQuiltLayoutTests;
			productName = RFQuiltLayoutTests;
			productReference = 87E394C21BD928F300D41FD4 /* RFQuiltLayoutTests.xctest */;
			productType = "com.apple.product-type.bundle.unit-test";
		};
/* End PBXNativeTarget section */

/* Begin PBXProject section */
		02E25AF9168B74B0009CA089 /* Project object */ = {
			isa = PBXProject;
			attributes = {
				CLASSPREFIX = RF;
				LastUpgradeCheck = 0450;
				ORGANIZATIONNAME = "Bryce Redd";
				TargetAttributes = {
					87E394B81BD928F300D41FD4 = {
						CreatedOnToolsVersion = 7.0.1;
					};
					87E394C11BD928F300D41FD4 = {
						CreatedOnToolsVersion = 7.0.1;
						TestTargetID = 02E25B01168B74B0009CA089;
					};
				};
			};
			buildConfigurationList = 02E25AFC168B74B0009CA089 /* Build configuration list for PBXProject "QuiltDemo" */;
			compatibilityVersion = "Xcode 3.2";
			developmentRegion = English;
			hasScannedForEncodings = 0;
			knownRegions = (
				en,
			);
			mainGroup = 02E25AF7168B74B0009CA089;
			productRefGroup = 02E25B03168B74B0009CA089 /* Products */;
			projectDirPath = "";
			projectRoot = "";
			targets = (
				02E25B01168B74B0009CA089 /* QuiltDemo */,
				87E394B81BD928F300D41FD4 /* RFQuiltLayout */,
				87E394C11BD928F300D41FD4 /* RFQuiltLayoutTests */,
			);
		};
/* End PBXProject section */

/* Begin PBXResourcesBuildPhase section */
		02E25B00168B74B0009CA089 /* Resources */ = {
			isa = PBXResourcesBuildPhase;
			buildActionMask = 2147483647;
			files = (
				02E25B11168B74B0009CA089 /* InfoPlist.strings in Resources */,
				02E25B19168B74B0009CA089 /* Default.png in Resources */,
				02E25B1B168B74B0009CA089 /* Default@2x.png in Resources */,
				02E25B1D168B74B0009CA089 /* Default-568h@2x.png in Resources */,
				02E25B23168B74B0009CA089 /* RFViewController.xib in Resources */,
			);
			runOnlyForDeploymentPostprocessing = 0;
		};
		87E394B71BD928F300D41FD4 /* Resources */ = {
			isa = PBXResourcesBuildPhase;
			buildActionMask = 2147483647;
			files = (
			);
			runOnlyForDeploymentPostprocessing = 0;
		};
		87E394C01BD928F300D41FD4 /* Resources */ = {
			isa = PBXResourcesBuildPhase;
			buildActionMask = 2147483647;
			files = (
			);
			runOnlyForDeploymentPostprocessing = 0;
		};
/* End PBXResourcesBuildPhase section */

/* Begin PBXSourcesBuildPhase section */
		02E25AFE168B74B0009CA089 /* Sources */ = {
			isa = PBXSourcesBuildPhase;
			buildActionMask = 2147483647;
			files = (
				02E25B13168B74B0009CA089 /* main.m in Sources */,
				02E25B17168B74B0009CA089 /* RFAppDelegate.m in Sources */,
				02E25B20168B74B0009CA089 /* RFViewController.m in Sources */,
				0239B55C168BB0F4008B8AD6 /* RFQuiltLayout.m in Sources */,
			);
			runOnlyForDeploymentPostprocessing = 0;
		};
		87E394B41BD928F300D41FD4 /* Sources */ = {
			isa = PBXSourcesBuildPhase;
			buildActionMask = 2147483647;
			files = (
				87E394D71BD9291800D41FD4 /* RFQuiltLayout.m in Sources */,
			);
			runOnlyForDeploymentPostprocessing = 0;
		};
		87E394BE1BD928F300D41FD4 /* Sources */ = {
			isa = PBXSourcesBuildPhase;
			buildActionMask = 2147483647;
			files = (
				87E394CA1BD928F300D41FD4 /* RFQuiltLayoutTests.m in Sources */,
			);
			runOnlyForDeploymentPostprocessing = 0;
		};
/* End PBXSourcesBuildPhase section */

/* Begin PBXTargetDependency section */
		87E394C51BD928F300D41FD4 /* PBXTargetDependency */ = {
			isa = PBXTargetDependency;
			target = 87E394B81BD928F300D41FD4 /* RFQuiltLayout */;
			targetProxy = 87E394C41BD928F300D41FD4 /* PBXContainerItemProxy */;
		};
		87E394C71BD928F300D41FD4 /* PBXTargetDependency */ = {
			isa = PBXTargetDependency;
			target = 02E25B01168B74B0009CA089 /* QuiltDemo */;
			targetProxy = 87E394C61BD928F300D41FD4 /* PBXContainerItemProxy */;
		};
		87E394CD1BD928F300D41FD4 /* PBXTargetDependency */ = {
			isa = PBXTargetDependency;
			target = 87E394B81BD928F300D41FD4 /* RFQuiltLayout */;
			targetProxy = 87E394CC1BD928F300D41FD4 /* PBXContainerItemProxy */;
		};
/* End PBXTargetDependency section */

/* Begin PBXVariantGroup section */
		02E25B0F168B74B0009CA089 /* InfoPlist.strings */ = {
			isa = PBXVariantGroup;
			children = (
				02E25B10168B74B0009CA089 /* en */,
			);
			name = InfoPlist.strings;
			sourceTree = "<group>";
		};
		02E25B21168B74B0009CA089 /* RFViewController.xib */ = {
			isa = PBXVariantGroup;
			children = (
				02E25B22168B74B0009CA089 /* en */,
			);
			name = RFViewController.xib;
			sourceTree = "<group>";
		};
/* End PBXVariantGroup section */

/* Begin XCBuildConfiguration section */
		02E25B24168B74B0009CA089 /* Debug */ = {
			isa = XCBuildConfiguration;
			buildSettings = {
				ALWAYS_SEARCH_USER_PATHS = NO;
				CLANG_CXX_LANGUAGE_STANDARD = "gnu++0x";
				CLANG_CXX_LIBRARY = "libc++";
				CLANG_ENABLE_OBJC_ARC = YES;
				CLANG_WARN_EMPTY_BODY = YES;
				CLANG_WARN__DUPLICATE_METHOD_MATCH = YES;
				"CODE_SIGN_IDENTITY[sdk=iphoneos*]" = "iPhone Developer";
				COPY_PHASE_STRIP = NO;
				GCC_C_LANGUAGE_STANDARD = gnu99;
				GCC_DYNAMIC_NO_PIC = NO;
				GCC_OPTIMIZATION_LEVEL = 0;
				GCC_PREPROCESSOR_DEFINITIONS = (
					"DEBUG=1",
					"$(inherited)",
				);
				GCC_SYMBOLS_PRIVATE_EXTERN = NO;
				GCC_WARN_ABOUT_RETURN_TYPE = YES;
				GCC_WARN_UNINITIALIZED_AUTOS = YES;
				GCC_WARN_UNUSED_VARIABLE = YES;
				IPHONEOS_DEPLOYMENT_TARGET = 8.0;
				ONLY_ACTIVE_ARCH = YES;
				SDKROOT = iphoneos;
			};
			name = Debug;
		};
		02E25B25168B74B0009CA089 /* Release */ = {
			isa = XCBuildConfiguration;
			buildSettings = {
				ALWAYS_SEARCH_USER_PATHS = NO;
				CLANG_CXX_LANGUAGE_STANDARD = "gnu++0x";
				CLANG_CXX_LIBRARY = "libc++";
				CLANG_ENABLE_OBJC_ARC = YES;
				CLANG_WARN_EMPTY_BODY = YES;
				CLANG_WARN__DUPLICATE_METHOD_MATCH = YES;
				"CODE_SIGN_IDENTITY[sdk=iphoneos*]" = "iPhone Developer";
				COPY_PHASE_STRIP = YES;
				GCC_C_LANGUAGE_STANDARD = gnu99;
				GCC_WARN_ABOUT_RETURN_TYPE = YES;
				GCC_WARN_UNINITIALIZED_AUTOS = YES;
				GCC_WARN_UNUSED_VARIABLE = YES;
				IPHONEOS_DEPLOYMENT_TARGET = 8.0;
				OTHER_CFLAGS = "-DNS_BLOCK_ASSERTIONS=1";
				SDKROOT = iphoneos;
				VALIDATE_PRODUCT = YES;
			};
			name = Release;
		};
		02E25B27168B74B0009CA089 /* Debug */ = {
			isa = XCBuildConfiguration;
			buildSettings = {
				GCC_PRECOMPILE_PREFIX_HEADER = YES;
				GCC_PREFIX_HEADER = "QuiltDemo/QuiltDemo-Prefix.pch";
				INFOPLIST_FILE = "QuiltDemo/QuiltDemo-Info.plist";
				IPHONEOS_DEPLOYMENT_TARGET = 8.0;
				LD_RUNPATH_SEARCH_PATHS = "$(inherited) @executable_path/Frameworks";
				PRODUCT_NAME = "$(TARGET_NAME)";
				TARGETED_DEVICE_FAMILY = "1,2";
				WRAPPER_EXTENSION = app;
			};
			name = Debug;
		};
		02E25B28168B74B0009CA089 /* Release */ = {
			isa = XCBuildConfiguration;
			buildSettings = {
				GCC_PRECOMPILE_PREFIX_HEADER = YES;
				GCC_PREFIX_HEADER = "QuiltDemo/QuiltDemo-Prefix.pch";
				INFOPLIST_FILE = "QuiltDemo/QuiltDemo-Info.plist";
				IPHONEOS_DEPLOYMENT_TARGET = 8.0;
				LD_RUNPATH_SEARCH_PATHS = "$(inherited) @executable_path/Frameworks";
				PRODUCT_NAME = "$(TARGET_NAME)";
				TARGETED_DEVICE_FAMILY = "1,2";
				WRAPPER_EXTENSION = app;
			};
			name = Release;
		};
		87E394D01BD928F300D41FD4 /* Debug */ = {
			isa = XCBuildConfiguration;
			buildSettings = {
				CLANG_ENABLE_MODULES = YES;
				CLANG_WARN_BOOL_CONVERSION = YES;
				CLANG_WARN_CONSTANT_CONVERSION = YES;
				CLANG_WARN_DIRECT_OBJC_ISA_USAGE = YES_ERROR;
				CLANG_WARN_ENUM_CONVERSION = YES;
				CLANG_WARN_INT_CONVERSION = YES;
				CLANG_WARN_OBJC_ROOT_CLASS = YES_ERROR;
				CLANG_WARN_UNREACHABLE_CODE = YES;
				CURRENT_PROJECT_VERSION = 1;
				DEBUG_INFORMATION_FORMAT = dwarf;
				DEFINES_MODULE = YES;
				DYLIB_COMPATIBILITY_VERSION = 1;
				DYLIB_CURRENT_VERSION = 1;
				DYLIB_INSTALL_NAME_BASE = "@rpath";
				ENABLE_STRICT_OBJC_MSGSEND = YES;
				ENABLE_TESTABILITY = YES;
				GCC_NO_COMMON_BLOCKS = YES;
				GCC_WARN_64_TO_32_BIT_CONVERSION = YES;
				GCC_WARN_ABOUT_RETURN_TYPE = YES_ERROR;
				GCC_WARN_UNDECLARED_SELECTOR = YES;
				GCC_WARN_UNINITIALIZED_AUTOS = YES_AGGRESSIVE;
				GCC_WARN_UNUSED_FUNCTION = YES;
				INFOPLIST_FILE = RFQuiltLayout/Info.plist;
				INSTALL_PATH = "$(LOCAL_LIBRARY_DIR)/Frameworks";
				IPHONEOS_DEPLOYMENT_TARGET = 8.0;
				LD_RUNPATH_SEARCH_PATHS = "$(inherited) @executable_path/Frameworks @loader_path/Frameworks";
				MTL_ENABLE_DEBUG_INFO = YES;
				PRODUCT_BUNDLE_IDENTIFIER = com.fifteenjugglers.RFQuiltLayout;
				PRODUCT_NAME = "$(TARGET_NAME)";
				SKIP_INSTALL = YES;
				TARGETED_DEVICE_FAMILY = "1,2";
				VERSIONING_SYSTEM = "apple-generic";
				VERSION_INFO_PREFIX = "";
			};
			name = Debug;
		};
		87E394D11BD928F300D41FD4 /* Release */ = {
			isa = XCBuildConfiguration;
			buildSettings = {
				CLANG_ENABLE_MODULES = YES;
				CLANG_WARN_BOOL_CONVERSION = YES;
				CLANG_WARN_CONSTANT_CONVERSION = YES;
				CLANG_WARN_DIRECT_OBJC_ISA_USAGE = YES_ERROR;
				CLANG_WARN_ENUM_CONVERSION = YES;
				CLANG_WARN_INT_CONVERSION = YES;
				CLANG_WARN_OBJC_ROOT_CLASS = YES_ERROR;
				CLANG_WARN_UNREACHABLE_CODE = YES;
				COPY_PHASE_STRIP = NO;
				CURRENT_PROJECT_VERSION = 1;
				DEBUG_INFORMATION_FORMAT = "dwarf-with-dsym";
				DEFINES_MODULE = YES;
				DYLIB_COMPATIBILITY_VERSION = 1;
				DYLIB_CURRENT_VERSION = 1;
				DYLIB_INSTALL_NAME_BASE = "@rpath";
				ENABLE_NS_ASSERTIONS = NO;
				ENABLE_STRICT_OBJC_MSGSEND = YES;
				GCC_NO_COMMON_BLOCKS = YES;
				GCC_WARN_64_TO_32_BIT_CONVERSION = YES;
				GCC_WARN_ABOUT_RETURN_TYPE = YES_ERROR;
				GCC_WARN_UNDECLARED_SELECTOR = YES;
				GCC_WARN_UNINITIALIZED_AUTOS = YES_AGGRESSIVE;
				GCC_WARN_UNUSED_FUNCTION = YES;
				INFOPLIST_FILE = RFQuiltLayout/Info.plist;
				INSTALL_PATH = "$(LOCAL_LIBRARY_DIR)/Frameworks";
				IPHONEOS_DEPLOYMENT_TARGET = 8.0;
				LD_RUNPATH_SEARCH_PATHS = "$(inherited) @executable_path/Frameworks @loader_path/Frameworks";
				MTL_ENABLE_DEBUG_INFO = NO;
				PRODUCT_BUNDLE_IDENTIFIER = com.fifteenjugglers.RFQuiltLayout;
				PRODUCT_NAME = "$(TARGET_NAME)";
				SKIP_INSTALL = YES;
				TARGETED_DEVICE_FAMILY = "1,2";
				VERSIONING_SYSTEM = "apple-generic";
				VERSION_INFO_PREFIX = "";
			};
			name = Release;
		};
		87E394D21BD928F300D41FD4 /* Debug */ = {
			isa = XCBuildConfiguration;
			buildSettings = {
				CLANG_ENABLE_MODULES = YES;
				CLANG_WARN_BOOL_CONVERSION = YES;
				CLANG_WARN_CONSTANT_CONVERSION = YES;
				CLANG_WARN_DIRECT_OBJC_ISA_USAGE = YES_ERROR;
				CLANG_WARN_ENUM_CONVERSION = YES;
				CLANG_WARN_INT_CONVERSION = YES;
				CLANG_WARN_OBJC_ROOT_CLASS = YES_ERROR;
				CLANG_WARN_UNREACHABLE_CODE = YES;
				DEBUG_INFORMATION_FORMAT = dwarf;
				ENABLE_STRICT_OBJC_MSGSEND = YES;
				ENABLE_TESTABILITY = YES;
				GCC_NO_COMMON_BLOCKS = YES;
				GCC_WARN_64_TO_32_BIT_CONVERSION = YES;
				GCC_WARN_ABOUT_RETURN_TYPE = YES_ERROR;
				GCC_WARN_UNDECLARED_SELECTOR = YES;
				GCC_WARN_UNINITIALIZED_AUTOS = YES_AGGRESSIVE;
				GCC_WARN_UNUSED_FUNCTION = YES;
				INFOPLIST_FILE = RFQuiltLayoutTests/Info.plist;
				IPHONEOS_DEPLOYMENT_TARGET = 9.0;
				LD_RUNPATH_SEARCH_PATHS = "$(inherited) @executable_path/Frameworks @loader_path/Frameworks";
				MTL_ENABLE_DEBUG_INFO = YES;
				PRODUCT_BUNDLE_IDENTIFIER = com.fifteenjugglers.RFQuiltLayoutTests;
				PRODUCT_NAME = "$(TARGET_NAME)";
				TEST_HOST = "$(BUILT_PRODUCTS_DIR)/QuiltDemo.app/QuiltDemo";
			};
			name = Debug;
		};
		87E394D31BD928F300D41FD4 /* Release */ = {
			isa = XCBuildConfiguration;
			buildSettings = {
				CLANG_ENABLE_MODULES = YES;
				CLANG_WARN_BOOL_CONVERSION = YES;
				CLANG_WARN_CONSTANT_CONVERSION = YES;
				CLANG_WARN_DIRECT_OBJC_ISA_USAGE = YES_ERROR;
				CLANG_WARN_ENUM_CONVERSION = YES;
				CLANG_WARN_INT_CONVERSION = YES;
				CLANG_WARN_OBJC_ROOT_CLASS = YES_ERROR;
				CLANG_WARN_UNREACHABLE_CODE = YES;
				COPY_PHASE_STRIP = NO;
				DEBUG_INFORMATION_FORMAT = "dwarf-with-dsym";
				ENABLE_NS_ASSERTIONS = NO;
				ENABLE_STRICT_OBJC_MSGSEND = YES;
				GCC_NO_COMMON_BLOCKS = YES;
				GCC_WARN_64_TO_32_BIT_CONVERSION = YES;
				GCC_WARN_ABOUT_RETURN_TYPE = YES_ERROR;
				GCC_WARN_UNDECLARED_SELECTOR = YES;
				GCC_WARN_UNINITIALIZED_AUTOS = YES_AGGRESSIVE;
				GCC_WARN_UNUSED_FUNCTION = YES;
				INFOPLIST_FILE = RFQuiltLayoutTests/Info.plist;
				IPHONEOS_DEPLOYMENT_TARGET = 9.0;
				LD_RUNPATH_SEARCH_PATHS = "$(inherited) @executable_path/Frameworks @loader_path/Frameworks";
				MTL_ENABLE_DEBUG_INFO = NO;
				PRODUCT_BUNDLE_IDENTIFIER = com.fifteenjugglers.RFQuiltLayoutTests;
				PRODUCT_NAME = "$(TARGET_NAME)";
				TEST_HOST = "$(BUILT_PRODUCTS_DIR)/QuiltDemo.app/QuiltDemo";
			};
			name = Release;
		};
/* End XCBuildConfiguration section */

/* Begin XCConfigurationList section */
		02E25AFC168B74B0009CA089 /* Build configuration list for PBXProject "QuiltDemo" */ = {
			isa = XCConfigurationList;
			buildConfigurations = (
				02E25B24168B74B0009CA089 /* Debug */,
				02E25B25168B74B0009CA089 /* Release */,
			);
			defaultConfigurationIsVisible = 0;
			defaultConfigurationName = Release;
		};
		02E25B26168B74B0009CA089 /* Build configuration list for PBXNativeTarget "QuiltDemo" */ = {
			isa = XCConfigurationList;
			buildConfigurations = (
				02E25B27168B74B0009CA089 /* Debug */,
				02E25B28168B74B0009CA089 /* Release */,
			);
			defaultConfigurationIsVisible = 0;
			defaultConfigurationName = Release;
		};
		87E394D41BD928F300D41FD4 /* Build configuration list for PBXNativeTarget "RFQuiltLayout" */ = {
			isa = XCConfigurationList;
			buildConfigurations = (
				87E394D01BD928F300D41FD4 /* Debug */,
				87E394D11BD928F300D41FD4 /* Release */,
			);
			defaultConfigurationIsVisible = 0;
		};
		87E394D61BD928F300D41FD4 /* Build configuration list for PBXNativeTarget "RFQuiltLayoutTests" */ = {
			isa = XCConfigurationList;
			buildConfigurations = (
				87E394D21BD928F300D41FD4 /* Debug */,
				87E394D31BD928F300D41FD4 /* Release */,
			);
			defaultConfigurationIsVisible = 0;
		};
/* End XCConfigurationList section */
	};
	rootObject = 02E25AF9168B74B0009CA089 /* Project object */;
}
